
Microsoft Visual Studio Solution File, Format Version 12.00
# Visual Studio Version 16
VisualStudioVersion = 16.0.30711.63
MinimumVisualStudioVersion = 10.0.40219.1
Project("{FAE04EC0-301F-11D3-BF4B-00C04F79EFBC}") = "ProgrammingTest", "ProgrammingTest.csproj", "{D91CFC5D-B684-4344-83C5-3AA92D8C2D8E}"
EndProject
Global
	GlobalSection(SolutionConfigurationPlatforms) = preSolution
		Debug|Any CPU = Debug|Any CPU
		Release|Any CPU = Release|Any CPU
	EndGlobalSection
	GlobalSection(ProjectConfigurationPlatforms) = postSolution
		{D91CFC5D-B684-4344-83C5-3AA92D8C2D8E}.Debug|Any CPU.ActiveCfg = Debug|Any CPU
		{D91CFC5D-B684-4344-83C5-3AA92D8C2D8E}.Debug|Any CPU.Build.0 = Debug|Any CPU
		{D91CFC5D-B684-4344-83C5-3AA92D8C2D8E}.Release|Any CPU.ActiveCfg = Release|Any CPU
		{D91CFC5D-B684-4344-83C5-3AA92D8C2D8E}.Release|Any CPU.Build.0 = Release|Any CPU
	EndGlobalSection
	GlobalSection(SolutionProperties) = preSolution
		HideSolutionNode = FALSE
	EndGlobalSection
	GlobalSection(ExtensibilityGlobals) = postSolution
		SolutionGuid = {EE53DEA5-48DA-44CE-88ED-7C7BE5176DD5}
	EndGlobalSection
EndGlobal
